
Microsoft Visual Studio Solution File, Format Version 12.00
# Visual Studio 14
VisualStudioVersion = 14.0.23107.0
MinimumVisualStudioVersion = 10.0.40219.1
Project("{FAE04EC0-301F-11D3-BF4B-00C04F79EFBC}") = "Auto_refresh_Partial_View_in_ASP.NETMVC", "Auto_refresh_Partial_View_in_ASP.NETMVC\Auto_refresh_Partial_View_in_ASP.NETMVC.csproj", "{48AD2064-9F1D-4A6B-9557-389E75CEB376}"
EndProject
Global
	GlobalSection(SolutionConfigurationPlatforms) = preSolution
		Debug|Any CPU = Debug|Any CPU
		Release|Any CPU = Release|Any CPU
	EndGlobalSection
	GlobalSection(ProjectConfigurationPlatforms) = postSolution
		{48AD2064-9F1D-4A6B-9557-389E75CEB376}.Debug|Any CPU.ActiveCfg = Debug|Any CPU
		{48AD2064-9F1D-4A6B-9557-389E75CEB376}.Debug|Any CPU.Build.0 = Debug|Any CPU
		{48AD2064-9F1D-4A6B-9557-389E75CEB376}.Release|Any CPU.ActiveCfg = Release|Any CPU
		{48AD2064-9F1D-4A6B-9557-389E75CEB376}.Release|Any CPU.Build.0 = Release|Any CPU
	EndGlobalSection
	GlobalSection(SolutionProperties) = preSolution
		HideSolutionNode = FALSE
	EndGlobalSection
EndGlobal
